
Microsoft Visual Studio Solution File, Format Version 12.00
# Visual Studio 15
VisualStudioVersion = 15.0.26430.6
MinimumVisualStudioVersion = 10.0.40219.1
Project("{FAE04EC0-301F-11D3-BF4B-00C04F79EFBC}") = "XenUpdaterAPI", "XenUpdaterAPI\XenUpdaterAPI.csproj", "{D0C13A2E-56D7-47C4-8425-C4E543B7B9BF}"
EndProject
Project("{FAE04EC0-301F-11D3-BF4B-00C04F79EFBC}") = "XenUpdaterUI", "XenUpdaterUI\XenUpdaterUI.csproj", "{7D7BD0D9-9C0F-4B75-86FF-DC859DAE00BF}"
EndProject
Global
	GlobalSection(SolutionConfigurationPlatforms) = preSolution
		Debug|Any CPU = Debug|Any CPU
		Release|Any CPU = Release|Any CPU
	EndGlobalSection
	GlobalSection(ProjectConfigurationPlatforms) = postSolution
		{D0C13A2E-56D7-47C4-8425-C4E543B7B9BF}.Debug|Any CPU.ActiveCfg = Debug|Any CPU
		{D0C13A2E-56D7-47C4-8425-C4E543B7B9BF}.Debug|Any CPU.Build.0 = Debug|Any CPU
		{D0C13A2E-56D7-47C4-8425-C4E543B7B9BF}.Release|Any CPU.ActiveCfg = Release|Any CPU
		{D0C13A2E-56D7-47C4-8425-C4E543B7B9BF}.Release|Any CPU.Build.0 = Release|Any CPU
		{7D7BD0D9-9C0F-4B75-86FF-DC859DAE00BF}.Debug|Any CPU.ActiveCfg = Debug|Any CPU
		{7D7BD0D9-9C0F-4B75-86FF-DC859DAE00BF}.Debug|Any CPU.Build.0 = Debug|Any CPU
		{7D7BD0D9-9C0F-4B75-86FF-DC859DAE00BF}.Release|Any CPU.ActiveCfg = Release|Any CPU
		{7D7BD0D9-9C0F-4B75-86FF-DC859DAE00BF}.Release|Any CPU.Build.0 = Release|Any CPU
	EndGlobalSection
	GlobalSection(SolutionProperties) = preSolution
		HideSolutionNode = FALSE
	EndGlobalSection
EndGlobal
